PODS:
  - Alamofire (5.4.1)
  - ClassicClient (0.1.0):
    - Moya (~> 14.0)
    - Moya-ObjectMapper (~> 2.9)
    - Result (~> 5.0)
  - EasyNotificationBadge (1.2.5)
  - Firebase/Analytics (7.1.0):
    - Firebase/Core
  - Firebase/Core (7.1.0):
    - Firebase/CoreOnly
    - FirebaseAnalytics (= 7.1.0)
  - Firebase/CoreOnly (7.1.0):
    - FirebaseCore (= 7.1.0)
  - Firebase/Crashlytics (7.1.0):
    - Firebase/CoreOnly
    - FirebaseCrashlytics (~> 7.1.0)
  - FirebaseAnalytics (7.1.0):
    - FirebaseCore (~> 7.0)
    - FirebaseInstallations (~> 7.0)
    - GoogleAppMeasurement (= 7.1.0)
    - GoogleUtilities/AppDelegateSwizzler (~> 7.0)
    - GoogleUtilities/MethodSwizzler (~> 7.0)
    - GoogleUtilities/Network (~> 7.0)
    - "GoogleUtilities/NSData+zlib (~> 7.0)"
    - nanopb (~> 2.30906.0)
  - FirebaseCore (7.1.0):
    - FirebaseCoreDiagnostics (~> 7.0)
    - GoogleUtilities/Environment (~> 7.0)
    - GoogleUtilities/Logger (~> 7.0)
  - FirebaseCoreDiagnostics (7.3.0):
    - GoogleDataTransport (~> 8.0)
    - GoogleUtilities/Environment (~> 7.0)
    - GoogleUtilities/Logger (~> 7.0)
    - nanopb (~> 2.30906.0)
  - FirebaseCrashlytics (7.1.0):
    - FirebaseCore (~> 7.0)
    - FirebaseInstallations (~> 7.0)
    - GoogleDataTransport (~> 8.0)
    - nanopb (~> 2.30906.0)
    - PromisesObjC (~> 1.2)
  - FirebaseInstallations (7.4.0):
    - FirebaseCore (~> 7.0)
    - GoogleUtilities/Environment (~> 7.0)
    - GoogleUtilities/UserDefaults (~> 7.0)
    - PromisesObjC (~> 1.2)
  - Google-Mobile-Ads-SDK (7.69.0):
    - GoogleAppMeasurement (~> 7.0)
    - GoogleUserMessagingPlatform (~> 1.1)
  - GoogleAppMeasurement (7.1.0):
    - GoogleUtilities/AppDelegateSwizzler (~> 7.0)
    - GoogleUtilities/MethodSwizzler (~> 7.0)
    - GoogleUtilities/Network (~> 7.0)
    - "GoogleUtilities/NSData+zlib (~> 7.0)"
    - nanopb (~> 2.30906.0)
  - GoogleDataTransport (8.1.0):
    - nanopb (~> 2.30906.0)
  - GoogleMaps (3.10.0):
    - GoogleMaps/Maps (= 3.10.0)
  - GoogleMaps/Base (3.10.0)
  - GoogleMaps/Maps (3.10.0):
    - GoogleMaps/Base
  - GoogleUserMessagingPlatform (1.4.0)
  - GoogleUtilities/AppDelegateSwizzler (7.2.0):
    - GoogleUtilities/Environment
    - GoogleUtilities/Logger
    - GoogleUtilities/Network
  - GoogleUtilities/Environment (7.2.0):
    - PromisesObjC (~> 1.2)
  - GoogleUtilities/Logger (7.2.0):
    - GoogleUtilities/Environment
  - GoogleUtilities/MethodSwizzler (7.2.0):
    - GoogleUtilities/Logger
  - GoogleUtilities/Network (7.2.0):
    - GoogleUtilities/Logger
    - "GoogleUtilities/NSData+zlib"
    - GoogleUtilities/Reachability
  - "GoogleUtilities/NSData+zlib (7.2.0)"
  - GoogleUtilities/Reachability (7.2.0):
    - GoogleUtilities/Logger
  - GoogleUtilities/UserDefaults (7.2.0):
    - GoogleUtilities/Logger
  - LicensePlist (3.0.5)
  - Moya (14.0.0):
    - Moya/Core (= 14.0.0)
  - Moya-ObjectMapper (2.9):
    - Moya-ObjectMapper/Core (= 2.9)
  - Moya-ObjectMapper/Core (2.9):
    - Moya (~> 14.0.0-beta.6)
    - ObjectMapper
  - Moya/Core (14.0.0):
    - Alamofire (~> 5.0)
  - nanopb (2.30906.0):
    - nanopb/decode (= 2.30906.0)
    - nanopb/encode (= 2.30906.0)
  - nanopb/decode (2.30906.0)
  - nanopb/encode (2.30906.0)
  - ObjectMapper (4.2.0)
  - Onboard (2.3.3)
  - PromisesObjC (1.2.12)
  - Realm (10.5.1):
    - Realm/Headers (= 10.5.1)
  - Realm/Headers (10.5.1)
  - RealmSwift (10.5.1):
    - Realm (= 10.5.1)
  - Result (5.0.0)
  - RxSwift (6.0.0)

DEPENDENCIES:
  - ClassicClient (from `../ClassicClientiOS/`)
  - EasyNotificationBadge
  - Firebase/Analytics (= 7.1.0)
  - Firebase/Crashlytics (= 7.1.0)
  - Google-Mobile-Ads-SDK (~> 7.65)
  - GoogleMaps (= 3.10.0)
  - LicensePlist
  - Onboard
  - RealmSwift
  - RxSwift

SPEC REPOS:
  https://github.com/CocoaPods/Specs.git:
    - Alamofire
    - EasyNotificationBadge
    - Firebase
    - FirebaseAnalytics
    - FirebaseCore
    - FirebaseCoreDiagnostics
    - FirebaseCrashlytics
    - FirebaseInstallations
    - Google-Mobile-Ads-SDK
    - GoogleAppMeasurement
    - GoogleDataTransport
    - GoogleMaps
    - GoogleUserMessagingPlatform
    - GoogleUtilities
    - LicensePlist
    - Moya
    - Moya-ObjectMapper
    - nanopb
    - ObjectMapper
    - Onboard
    - PromisesObjC
    - Realm
    - RealmSwift
    - Result
    - RxSwift

EXTERNAL SOURCES:
  ClassicClient:
    :path: "../ClassicClientiOS/"

SPEC CHECKSUMS:
  Alamofire: 2291f7d21ca607c491dd17642e5d40fdcda0e65c
  ClassicClient: 53d0becafa90f12b3d85fb2427f5502329bf8dd9
  EasyNotificationBadge: a3ebbcb1de0c0558e102e954380c75801f352702
  Firebase: 78e8dd2e39d653de6270432ad84fe8b59f7bf4e8
  FirebaseAnalytics: 7f165a56dea86ddd5b8ce02af3bee982c683405c
  FirebaseCore: 20046127eef0fcb8fa25df7fc12f7b97d4e48611
  FirebaseCoreDiagnostics: d50e11039e5984d92c8a512be2395f13df747350
  FirebaseCrashlytics: c722e4ca283272eb90eb5bc245fdc6588e2f22c2
  FirebaseInstallations: 30646fc9a61c6f4ee3cd7a8b7231721842b40c95
  Google-Mobile-Ads-SDK: 2f288748a42920d1c744946a460896a95b0e9110
  GoogleAppMeasurement: 89e1a64593f968713b0506ba1b53b38a154bf9a5
  GoogleDataTransport: 116c84c4bdeb76be2a7a46de51244368f9794eab
  GoogleMaps: 8c080862ff2748ece9929471b30feb56a6c5079d
  GoogleUserMessagingPlatform: b168e8c46cd8f92aa3e34b584c4ca78a411ce367
  GoogleUtilities: d866834472f1324d080496bc67ab3ce5d0d46027
  LicensePlist: 11c638fa9dc22ddb5771cdf910242ae1ba2684da
  Moya: 5b45dacb75adb009f97fde91c204c1e565d31916
  Moya-ObjectMapper: 967a99d9ea3aa9c93ddbe112aeca3667f53bfe93
  nanopb: 1bf24dd71191072e120b83dd02d08f3da0d65e53
  ObjectMapper: 1eb41f610210777375fa806bf161dc39fb832b81
  Onboard: 4d6e943e20bdd6bc229df967a347dd7514bc2a6f
  PromisesObjC: 3113f7f76903778cf4a0586bd1ab89329a0b7b97
  Realm: 77fcb4e0b9f2963ea06f584749a0d7dc9cab95e1
  RealmSwift: 6abe6aa6cd8b70cc1a87afcb9232cabea74ff1ac
  Result: ed341d2f236af425b803e690e9bd8fd0a0cb7c5a
  RxSwift: c14e798c59b9f6e9a2df8fd235602e85cc044295

PODFILE CHECKSUM: 8a903d90db1339c2a41dbbdcc399815f58cc41a1

COCOAPODS: 1.10.0
