PODS:
  - Alamofire (5.2.2)
  - ClassicClient (0.1.0):
    - Moya (~> 14.0)
    - Moya-ObjectMapper (~> 2.9)
    - Result (~> 5.0)
  - EasyNotificationBadge (1.2.0)
  - Google-Mobile-Ads-SDK (7.65.0):
    - GoogleAppMeasurement (~> 6.0)
    - GoogleUserMessagingPlatform (~> 1.1)
  - GoogleAppMeasurement (6.8.2):
    - GoogleUtilities/AppDelegateSwizzler (~> 6.7)
    - GoogleUtilities/MethodSwizzler (~> 6.7)
    - GoogleUtilities/Network (~> 6.7)
    - "GoogleUtilities/NSData+zlib (~> 6.7)"
    - nanopb (~> 1.30906.0)
  - GoogleMaps (3.10.0):
    - GoogleMaps/Maps (= 3.10.0)
  - GoogleMaps/Base (3.10.0)
  - GoogleMaps/Maps (3.10.0):
    - GoogleMaps/Base
  - GooglePlaces (3.10.0):
    - GoogleMaps/Base (= 3.10.0)
  - GoogleUserMessagingPlatform (1.2.0)
  - GoogleUtilities/AppDelegateSwizzler (6.7.2):
    - GoogleUtilities/Environment
    - GoogleUtilities/Logger
    - GoogleUtilities/Network
  - GoogleUtilities/Environment (6.7.2):
    - PromisesObjC (~> 1.2)
  - GoogleUtilities/Logger (6.7.2):
    - GoogleUtilities/Environment
  - GoogleUtilities/MethodSwizzler (6.7.2):
    - GoogleUtilities/Logger
  - GoogleUtilities/Network (6.7.2):
    - GoogleUtilities/Logger
    - "GoogleUtilities/NSData+zlib"
    - GoogleUtilities/Reachability
  - "GoogleUtilities/NSData+zlib (6.7.2)"
  - GoogleUtilities/Reachability (6.7.2):
    - GoogleUtilities/Logger
  - Moya (14.0.0):
    - Moya/Core (= 14.0.0)
  - Moya-ObjectMapper (2.9):
    - Moya-ObjectMapper/Core (= 2.9)
  - Moya-ObjectMapper/Core (2.9):
    - Moya (~> 14.0.0-beta.6)
    - ObjectMapper
  - Moya/Core (14.0.0):
    - Alamofire (~> 5.0)
  - nanopb (1.30906.0):
    - nanopb/decode (= 1.30906.0)
    - nanopb/encode (= 1.30906.0)
  - nanopb/decode (1.30906.0)
  - nanopb/encode (1.30906.0)
  - ObjectMapper (4.2.0)
  - PromisesObjC (1.2.10)
  - Realm (5.4.2):
    - Realm/Headers (= 5.4.2)
  - Realm/Headers (5.4.2)
  - RealmSwift (5.4.2):
    - Realm (= 5.4.2)
  - Result (5.0.0)
  - RxRealm (3.1.0):
    - RealmSwift (~> 5.2)
    - RxSwift (~> 5.0)
  - RxSwift (5.1.1)

DEPENDENCIES:
  - ClassicClient (from `../ClassicClientiOS/`)
  - EasyNotificationBadge
  - Google-Mobile-Ads-SDK (~> 7.65)
  - GoogleMaps (= 3.10.0)
  - GooglePlaces (= 3.10.0)
  - RealmSwift (~> 5.3)
  - RxRealm

SPEC REPOS:
  https://github.com/CocoaPods/Specs.git:
    - Alamofire
    - EasyNotificationBadge
    - Google-Mobile-Ads-SDK
    - GoogleAppMeasurement
    - GoogleMaps
    - GooglePlaces
    - GoogleUserMessagingPlatform
    - GoogleUtilities
    - Moya
    - Moya-ObjectMapper
    - nanopb
    - ObjectMapper
    - PromisesObjC
    - Realm
    - RealmSwift
    - Result
    - RxRealm
    - RxSwift

EXTERNAL SOURCES:
  ClassicClient:
    :path: "../ClassicClientiOS/"

SPEC CHECKSUMS:
  Alamofire: 814429acc853c6c54ff123fc3d2ef66803823ce0
  ClassicClient: 53d0becafa90f12b3d85fb2427f5502329bf8dd9
  EasyNotificationBadge: afeb15ed6f9a4262d626a2b745297e96afa26c2e
  Google-Mobile-Ads-SDK: af735e001ee534d9dd2ce0a87cd8c355b19844b5
  GoogleAppMeasurement: 1a66f478c68ecd6c16ee63ee60c7c3a648e6b337
  GoogleMaps: 8c080862ff2748ece9929471b30feb56a6c5079d
  GooglePlaces: 9a6f5f3a0c88da2aa1bf7426a65d3e004f5e69a1
  GoogleUserMessagingPlatform: c85530d930ba509583aa5a6d50a10aca22cf8502
  GoogleUtilities: 7f2f5a07f888cdb145101d6042bc4422f57e70b3
  Moya: 5b45dacb75adb009f97fde91c204c1e565d31916
  Moya-ObjectMapper: 967a99d9ea3aa9c93ddbe112aeca3667f53bfe93
  nanopb: 59317e09cf1f1a0af72f12af412d54edf52603fc
  ObjectMapper: 1eb41f610210777375fa806bf161dc39fb832b81
  PromisesObjC: b14b1c6b68e306650688599de8a45e49fae81151
  Realm: ced868eb0254f8d33a21c06981355e5aa33bc005
  RealmSwift: aedc4363150f3c61f91ae0537ed116d2d080a4dd
  Result: ed341d2f236af425b803e690e9bd8fd0a0cb7c5a
  RxRealm: 50e5fe5c1f22518205afbb313fbc5580d73bc586
  RxSwift: 81470a2074fa8780320ea5fe4102807cb7118178

PODFILE CHECKSUM: f98364574b50ecbf9429ead8412c533cc1ec1ab9

COCOAPODS: 1.9.3
